
Microsoft Visual Studio Solution File, Format Version 12.00
# Visual Studio 15
Project("{FAE04EC0-301F-11D3-BF4B-00C04F79EFBC}") = "Assembly-CSharp", "Assembly-CSharp.csproj", "{2F8B10D0-20CC-E998-6E6D-65F641E02FC1}"
EndProject
Project("{FAE04EC0-301F-11D3-BF4B-00C04F79EFBC}") = "Assembly-CSharp-Editor", "Assembly-CSharp-Editor.csproj", "{1C9C6D27-3E67-ECD7-BFAD-BDC3A5E0DEDA}"
EndProject
Global
	GlobalSection(SolutionConfigurationPlatforms) = preSolution
		Debug|Any CPU = Debug|Any CPU
		Release|Any CPU = Release|Any CPU
	EndGlobalSection
	GlobalSection(ProjectConfigurationPlatforms) = postSolution
		{2F8B10D0-20CC-E998-6E6D-65F641E02FC1}.Debug|Any CPU.ActiveCfg = Debug|Any CPU
		{2F8B10D0-20CC-E998-6E6D-65F641E02FC1}.Debug|Any CPU.Build.0 = Debug|Any CPU
		{2F8B10D0-20CC-E998-6E6D-65F641E02FC1}.Release|Any CPU.ActiveCfg = Release|Any CPU
		{2F8B10D0-20CC-E998-6E6D-65F641E02FC1}.Release|Any CPU.Build.0 = Release|Any CPU
		{1C9C6D27-3E67-ECD7-BFAD-BDC3A5E0DEDA}.Debug|Any CPU.ActiveCfg = Debug|Any CPU
		{1C9C6D27-3E67-ECD7-BFAD-BDC3A5E0DEDA}.Debug|Any CPU.Build.0 = Debug|Any CPU
		{1C9C6D27-3E67-ECD7-BFAD-BDC3A5E0DEDA}.Release|Any CPU.ActiveCfg = Release|Any CPU
		{1C9C6D27-3E67-ECD7-BFAD-BDC3A5E0DEDA}.Release|Any CPU.Build.0 = Release|Any CPU
	EndGlobalSection
	GlobalSection(SolutionProperties) = preSolution
		HideSolutionNode = FALSE
	EndGlobalSection
EndGlobal
